
Microsoft Visual Studio Solution File, Format Version 12.00
# Visual Studio Version 17
VisualStudioVersion = 17.12.35527.113 d17.12
MinimumVisualStudioVersion = 10.0.40219.1
Project("{FAE04EC0-301F-11D3-BF4B-00C04F79EFBC}") = "Sk pintala(4.2 teht 3)", "Sk pintala(4.2 teht 3)\Sk pintala(4.2 teht 3).csproj", "{46660D2F-1826-43BF-BFFB-5335B57F60B1}"
EndProject
Global
	GlobalSection(SolutionConfigurationPlatforms) = preSolution
		Debug|Any CPU = Debug|Any CPU
		Release|Any CPU = Release|Any CPU
	EndGlobalSection
	GlobalSection(ProjectConfigurationPlatforms) = postSolution
		{46660D2F-1826-43BF-BFFB-5335B57F60B1}.Debug|Any CPU.ActiveCfg = Debug|Any CPU
		{46660D2F-1826-43BF-BFFB-5335B57F60B1}.Debug|Any CPU.Build.0 = Debug|Any CPU
		{46660D2F-1826-43BF-BFFB-5335B57F60B1}.Release|Any CPU.ActiveCfg = Release|Any CPU
		{46660D2F-1826-43BF-BFFB-5335B57F60B1}.Release|Any CPU.Build.0 = Release|Any CPU
	EndGlobalSection
	GlobalSection(SolutionProperties) = preSolution
		HideSolutionNode = FALSE
	EndGlobalSection
EndGlobal
