
Microsoft Visual Studio Solution File, Format Version 12.00
# Visual Studio Version 17
VisualStudioVersion = 17.12.35527.113 d17.12
MinimumVisualStudioVersion = 10.0.40219.1
Project("{FAE04EC0-301F-11D3-BF4B-00C04F79EFBC}") = "numtaulu (10.3 teht 5)", "numtaulu (10.3 teht 5)\numtaulu (10.3 teht 5).csproj", "{3125C5BE-DF95-4BFA-A3F6-72B002A8ABCA}"
EndProject
Global
	GlobalSection(SolutionConfigurationPlatforms) = preSolution
		Debug|Any CPU = Debug|Any CPU
		Release|Any CPU = Release|Any CPU
	EndGlobalSection
	GlobalSection(ProjectConfigurationPlatforms) = postSolution
		{3125C5BE-DF95-4BFA-A3F6-72B002A8ABCA}.Debug|Any CPU.ActiveCfg = Debug|Any CPU
		{3125C5BE-DF95-4BFA-A3F6-72B002A8ABCA}.Debug|Any CPU.Build.0 = Debug|Any CPU
		{3125C5BE-DF95-4BFA-A3F6-72B002A8ABCA}.Release|Any CPU.ActiveCfg = Release|Any CPU
		{3125C5BE-DF95-4BFA-A3F6-72B002A8ABCA}.Release|Any CPU.Build.0 = Release|Any CPU
	EndGlobalSection
	GlobalSection(SolutionProperties) = preSolution
		HideSolutionNode = FALSE
	EndGlobalSection
EndGlobal
