
Microsoft Visual Studio Solution File, Format Version 12.00
# Visual Studio Version 17
VisualStudioVersion = 17.12.35527.113 d17.12
MinimumVisualStudioVersion = 10.0.40219.1
Project("{FAE04EC0-301F-11D3-BF4B-00C04F79EFBC}") = "and,or (5.7 teht 2)", "and,or (5.7 teht 2)\and,or (5.7 teht 2).csproj", "{FDE45E9B-5B9E-4AE0-83F0-E64E167D19C8}"
EndProject
Global
	GlobalSection(SolutionConfigurationPlatforms) = preSolution
		Debug|Any CPU = Debug|Any CPU
		Release|Any CPU = Release|Any CPU
	EndGlobalSection
	GlobalSection(ProjectConfigurationPlatforms) = postSolution
		{FDE45E9B-5B9E-4AE0-83F0-E64E167D19C8}.Debug|Any CPU.ActiveCfg = Debug|Any CPU
		{FDE45E9B-5B9E-4AE0-83F0-E64E167D19C8}.Debug|Any CPU.Build.0 = Debug|Any CPU
		{FDE45E9B-5B9E-4AE0-83F0-E64E167D19C8}.Release|Any CPU.ActiveCfg = Release|Any CPU
		{FDE45E9B-5B9E-4AE0-83F0-E64E167D19C8}.Release|Any CPU.Build.0 = Release|Any CPU
	EndGlobalSection
	GlobalSection(SolutionProperties) = preSolution
		HideSolutionNode = FALSE
	EndGlobalSection
EndGlobal
