
Microsoft Visual Studio Solution File, Format Version 12.00
# Visual Studio Version 17
VisualStudioVersion = 17.12.35527.113 d17.12
MinimumVisualStudioVersion = 10.0.40219.1
Project("{FAE04EC0-301F-11D3-BF4B-00C04F79EFBC}") = "Copy (11.2 teht 10)", "Copy (11.2 teht 10)\Copy (11.2 teht 10).csproj", "{014C70BD-01B6-4A79-B1F1-0C8B3807A25D}"
EndProject
Global
	GlobalSection(SolutionConfigurationPlatforms) = preSolution
		Debug|Any CPU = Debug|Any CPU
		Release|Any CPU = Release|Any CPU
	EndGlobalSection
	GlobalSection(ProjectConfigurationPlatforms) = postSolution
		{014C70BD-01B6-4A79-B1F1-0C8B3807A25D}.Debug|Any CPU.ActiveCfg = Debug|Any CPU
		{014C70BD-01B6-4A79-B1F1-0C8B3807A25D}.Debug|Any CPU.Build.0 = Debug|Any CPU
		{014C70BD-01B6-4A79-B1F1-0C8B3807A25D}.Release|Any CPU.ActiveCfg = Release|Any CPU
		{014C70BD-01B6-4A79-B1F1-0C8B3807A25D}.Release|Any CPU.Build.0 = Release|Any CPU
	EndGlobalSection
	GlobalSection(SolutionProperties) = preSolution
		HideSolutionNode = FALSE
	EndGlobalSection
EndGlobal
