
Microsoft Visual Studio Solution File, Format Version 12.00
# Visual Studio Version 17
VisualStudioVersion = 17.12.35527.113 d17.12
MinimumVisualStudioVersion = 10.0.40219.1
Project("{FAE04EC0-301F-11D3-BF4B-00C04F79EFBC}") = "Su-pie (10.3 teht 11)", "Su-pie (10.3 teht 11)\Su-pie (10.3 teht 11).csproj", "{98F63934-F71B-4270-A3C2-0144C7EEFCFB}"
EndProject
Global
	GlobalSection(SolutionConfigurationPlatforms) = preSolution
		Debug|Any CPU = Debug|Any CPU
		Release|Any CPU = Release|Any CPU
	EndGlobalSection
	GlobalSection(ProjectConfigurationPlatforms) = postSolution
		{98F63934-F71B-4270-A3C2-0144C7EEFCFB}.Debug|Any CPU.ActiveCfg = Debug|Any CPU
		{98F63934-F71B-4270-A3C2-0144C7EEFCFB}.Debug|Any CPU.Build.0 = Debug|Any CPU
		{98F63934-F71B-4270-A3C2-0144C7EEFCFB}.Release|Any CPU.ActiveCfg = Release|Any CPU
		{98F63934-F71B-4270-A3C2-0144C7EEFCFB}.Release|Any CPU.Build.0 = Release|Any CPU
	EndGlobalSection
	GlobalSection(SolutionProperties) = preSolution
		HideSolutionNode = FALSE
	EndGlobalSection
EndGlobal
