
Microsoft Visual Studio Solution File, Format Version 12.00
# Visual Studio Version 17
VisualStudioVersion = 17.12.35527.113 d17.12
MinimumVisualStudioVersion = 10.0.40219.1
Project("{FAE04EC0-301F-11D3-BF4B-00C04F79EFBC}") = "PelkFor (10.3 teht 2)", "PelkFor (10.3 teht 2)\PelkFor (10.3 teht 2).csproj", "{1AE98B5A-E2AE-4F54-AE3F-5B0B5BDB4961}"
EndProject
Global
	GlobalSection(SolutionConfigurationPlatforms) = preSolution
		Debug|Any CPU = Debug|Any CPU
		Release|Any CPU = Release|Any CPU
	EndGlobalSection
	GlobalSection(ProjectConfigurationPlatforms) = postSolution
		{1AE98B5A-E2AE-4F54-AE3F-5B0B5BDB4961}.Debug|Any CPU.ActiveCfg = Debug|Any CPU
		{1AE98B5A-E2AE-4F54-AE3F-5B0B5BDB4961}.Debug|Any CPU.Build.0 = Debug|Any CPU
		{1AE98B5A-E2AE-4F54-AE3F-5B0B5BDB4961}.Release|Any CPU.ActiveCfg = Release|Any CPU
		{1AE98B5A-E2AE-4F54-AE3F-5B0B5BDB4961}.Release|Any CPU.Build.0 = Release|Any CPU
	EndGlobalSection
	GlobalSection(SolutionProperties) = preSolution
		HideSolutionNode = FALSE
	EndGlobalSection
EndGlobal
