
Microsoft Visual Studio Solution File, Format Version 12.00
# Visual Studio Version 17
VisualStudioVersion = 17.12.35527.113 d17.12
MinimumVisualStudioVersion = 10.0.40219.1
Project("{FAE04EC0-301F-11D3-BF4B-00C04F79EFBC}") = "Whilelaskin (8.2 teht 3)", "Whilelaskin (8.2 teht 3)\Whilelaskin (8.2 teht 3).csproj", "{5AB49454-7051-4FAF-925F-489F8EBC0AEC}"
EndProject
Global
	GlobalSection(SolutionConfigurationPlatforms) = preSolution
		Debug|Any CPU = Debug|Any CPU
		Release|Any CPU = Release|Any CPU
	EndGlobalSection
	GlobalSection(ProjectConfigurationPlatforms) = postSolution
		{5AB49454-7051-4FAF-925F-489F8EBC0AEC}.Debug|Any CPU.ActiveCfg = Debug|Any CPU
		{5AB49454-7051-4FAF-925F-489F8EBC0AEC}.Debug|Any CPU.Build.0 = Debug|Any CPU
		{5AB49454-7051-4FAF-925F-489F8EBC0AEC}.Release|Any CPU.ActiveCfg = Release|Any CPU
		{5AB49454-7051-4FAF-925F-489F8EBC0AEC}.Release|Any CPU.Build.0 = Release|Any CPU
	EndGlobalSection
	GlobalSection(SolutionProperties) = preSolution
		HideSolutionNode = FALSE
	EndGlobalSection
EndGlobal
